
Microsoft Visual Studio Solution File, Format Version 12.00
# Visual Studio Version 16
VisualStudioVersion = 16.0.29920.165
MinimumVisualStudioVersion = 10.0.40219.1
Project("{FAE04EC0-301F-11D3-BF4B-00C04F79EFBC}") = "jwtAuthentication", "jwtAuthentication\jwtAuthentication.csproj", "{94BD8640-5D83-43DE-8C51-525E9DBF076E}"
EndProject
Global
	GlobalSection(SolutionConfigurationPlatforms) = preSolution
		Debug|Any CPU = Debug|Any CPU
		Release|Any CPU = Release|Any CPU
	EndGlobalSection
	GlobalSection(ProjectConfigurationPlatforms) = postSolution
		{94BD8640-5D83-43DE-8C51-525E9DBF076E}.Debug|Any CPU.ActiveCfg = Debug|Any CPU
		{94BD8640-5D83-43DE-8C51-525E9DBF076E}.Debug|Any CPU.Build.0 = Debug|Any CPU
		{94BD8640-5D83-43DE-8C51-525E9DBF076E}.Release|Any CPU.ActiveCfg = Release|Any CPU
		{94BD8640-5D83-43DE-8C51-525E9DBF076E}.Release|Any CPU.Build.0 = Release|Any CPU
	EndGlobalSection
	GlobalSection(SolutionProperties) = preSolution
		HideSolutionNode = FALSE
	EndGlobalSection
	GlobalSection(ExtensibilityGlobals) = postSolution
		SolutionGuid = {1C17C72F-A710-44B6-A5D9-256FFBF4B564}
	EndGlobalSection
EndGlobal
